
Microsoft Visual Studio Solution File, Format Version 12.00
# Visual Studio Version 17
VisualStudioVersion = 17.13.36105.23 d17.13
MinimumVisualStudioVersion = 10.0.40219.1
Project("{FAE04EC0-301F-11D3-BF4B-00C04F79EFBC}") = "cs0516", "cs0516\cs0516.csproj", "{9CDE0191-F10E-476C-B33D-41C1D0BB6769}"
EndProject
Global
	GlobalSection(SolutionConfigurationPlatforms) = preSolution
		Debug|Any CPU = Debug|Any CPU
		Release|Any CPU = Release|Any CPU
	EndGlobalSection
	GlobalSection(ProjectConfigurationPlatforms) = postSolution
		{9CDE0191-F10E-476C-B33D-41C1D0BB6769}.Debug|Any CPU.ActiveCfg = Debug|Any CPU
		{9CDE0191-F10E-476C-B33D-41C1D0BB6769}.Debug|Any CPU.Build.0 = Debug|Any CPU
		{9CDE0191-F10E-476C-B33D-41C1D0BB6769}.Release|Any CPU.ActiveCfg = Release|Any CPU
		{9CDE0191-F10E-476C-B33D-41C1D0BB6769}.Release|Any CPU.Build.0 = Release|Any CPU
	EndGlobalSection
	GlobalSection(SolutionProperties) = preSolution
		HideSolutionNode = FALSE
	EndGlobalSection
	GlobalSection(ExtensibilityGlobals) = postSolution
		SolutionGuid = {3F6D7F65-E396-4FB3-B831-45A3E67BD344}
	EndGlobalSection
EndGlobal
